
Microsoft Visual Studio Solution File, Format Version 12.00
# Visual Studio Version 17
VisualStudioVersion = 17.9.34701.34
MinimumVisualStudioVersion = 10.0.40219.1
Project("{FAE04EC0-301F-11D3-BF4B-00C04F79EFBC}") = "BloodCellDetection", "BloodCellDetection.csproj", "{D369E9EF-D082-4D11-8A93-FF171B4E8B16}"
EndProject
Global
	GlobalSection(SolutionConfigurationPlatforms) = preSolution
		Debug|Any CPU = Debug|Any CPU
		Release|Any CPU = Release|Any CPU
	EndGlobalSection
	GlobalSection(ProjectConfigurationPlatforms) = postSolution
		{D369E9EF-D082-4D11-8A93-FF171B4E8B16}.Debug|Any CPU.ActiveCfg = Debug|Any CPU
		{D369E9EF-D082-4D11-8A93-FF171B4E8B16}.Debug|Any CPU.Build.0 = Debug|Any CPU
		{D369E9EF-D082-4D11-8A93-FF171B4E8B16}.Release|Any CPU.ActiveCfg = Release|Any CPU
		{D369E9EF-D082-4D11-8A93-FF171B4E8B16}.Release|Any CPU.Build.0 = Release|Any CPU
	EndGlobalSection
	GlobalSection(SolutionProperties) = preSolution
		HideSolutionNode = FALSE
	EndGlobalSection
	GlobalSection(ExtensibilityGlobals) = postSolution
		SolutionGuid = {DF334068-0CC3-4399-B2ED-2846CD0AAB35}
	EndGlobalSection
EndGlobal
